
Microsoft Visual Studio Solution File, Format Version 12.00
# Visual Studio 15
Project("{FAE04EC0-301F-11D3-BF4B-00C04F79EFBC}") = "SteamAudioUnity", "SteamAudioUnity.csproj", "{DC02C6BE-3AFC-756E-A4DB-1F812C9AA8D4}"
EndProject
Project("{FAE04EC0-301F-11D3-BF4B-00C04F79EFBC}") = "nnra.AudioManager", "nnra.AudioManager.csproj", "{1725ECD0-EFAA-8B49-53BE-28DB0CEB30A1}"
EndProject
Project("{FAE04EC0-301F-11D3-BF4B-00C04F79EFBC}") = "nnra.NnUtils", "nnra.NnUtils.csproj", "{57888EB6-ED48-EBD1-7E8B-69C8A9EC45C8}"
EndProject
Project("{FAE04EC0-301F-11D3-BF4B-00C04F79EFBC}") = "Scripts", "Scripts.csproj", "{2247B5D7-DE11-96B2-C362-573C906D90F6}"
EndProject
Project("{FAE04EC0-301F-11D3-BF4B-00C04F79EFBC}") = "SteamAudioUnityEditor", "SteamAudioUnityEditor.csproj", "{A0804D91-87D0-48C2-3CD6-96131266475A}"
EndProject
Project("{FAE04EC0-301F-11D3-BF4B-00C04F79EFBC}") = "Assembly-CSharp", "Assembly-CSharp.csproj", "{89F2284D-AA74-CCED-E16D-7D9B74312923}"
EndProject
Global
	GlobalSection(SolutionConfigurationPlatforms) = preSolution
		Debug|Any CPU = Debug|Any CPU
		Release|Any CPU = Release|Any CPU
	EndGlobalSection
	GlobalSection(ProjectConfigurationPlatforms) = postSolution
		{DC02C6BE-3AFC-756E-A4DB-1F812C9AA8D4}.Debug|Any CPU.ActiveCfg = Debug|Any CPU
		{DC02C6BE-3AFC-756E-A4DB-1F812C9AA8D4}.Debug|Any CPU.Build.0 = Debug|Any CPU
		{DC02C6BE-3AFC-756E-A4DB-1F812C9AA8D4}.Release|Any CPU.ActiveCfg = Release|Any CPU
		{DC02C6BE-3AFC-756E-A4DB-1F812C9AA8D4}.Release|Any CPU.Build.0 = Release|Any CPU
		{1725ECD0-EFAA-8B49-53BE-28DB0CEB30A1}.Debug|Any CPU.ActiveCfg = Debug|Any CPU
		{1725ECD0-EFAA-8B49-53BE-28DB0CEB30A1}.Debug|Any CPU.Build.0 = Debug|Any CPU
		{1725ECD0-EFAA-8B49-53BE-28DB0CEB30A1}.Release|Any CPU.ActiveCfg = Release|Any CPU
		{1725ECD0-EFAA-8B49-53BE-28DB0CEB30A1}.Release|Any CPU.Build.0 = Release|Any CPU
		{57888EB6-ED48-EBD1-7E8B-69C8A9EC45C8}.Debug|Any CPU.ActiveCfg = Debug|Any CPU
		{57888EB6-ED48-EBD1-7E8B-69C8A9EC45C8}.Debug|Any CPU.Build.0 = Debug|Any CPU
		{57888EB6-ED48-EBD1-7E8B-69C8A9EC45C8}.Release|Any CPU.ActiveCfg = Release|Any CPU
		{57888EB6-ED48-EBD1-7E8B-69C8A9EC45C8}.Release|Any CPU.Build.0 = Release|Any CPU
		{2247B5D7-DE11-96B2-C362-573C906D90F6}.Debug|Any CPU.ActiveCfg = Debug|Any CPU
		{2247B5D7-DE11-96B2-C362-573C906D90F6}.Debug|Any CPU.Build.0 = Debug|Any CPU
		{2247B5D7-DE11-96B2-C362-573C906D90F6}.Release|Any CPU.ActiveCfg = Release|Any CPU
		{2247B5D7-DE11-96B2-C362-573C906D90F6}.Release|Any CPU.Build.0 = Release|Any CPU
		{A0804D91-87D0-48C2-3CD6-96131266475A}.Debug|Any CPU.ActiveCfg = Debug|Any CPU
		{A0804D91-87D0-48C2-3CD6-96131266475A}.Debug|Any CPU.Build.0 = Debug|Any CPU
		{A0804D91-87D0-48C2-3CD6-96131266475A}.Release|Any CPU.ActiveCfg = Release|Any CPU
		{A0804D91-87D0-48C2-3CD6-96131266475A}.Release|Any CPU.Build.0 = Release|Any CPU
		{89F2284D-AA74-CCED-E16D-7D9B74312923}.Debug|Any CPU.ActiveCfg = Debug|Any CPU
		{89F2284D-AA74-CCED-E16D-7D9B74312923}.Debug|Any CPU.Build.0 = Debug|Any CPU
		{89F2284D-AA74-CCED-E16D-7D9B74312923}.Release|Any CPU.ActiveCfg = Release|Any CPU
		{89F2284D-AA74-CCED-E16D-7D9B74312923}.Release|Any CPU.Build.0 = Release|Any CPU
	EndGlobalSection
	GlobalSection(SolutionProperties) = preSolution
		HideSolutionNode = FALSE
	EndGlobalSection
EndGlobal
