
Microsoft Visual Studio Solution File, Format Version 11.00
# Visual Studio 2010
Project("{FAE04EC0-301F-11D3-BF4B-00C04F79EFBC}") = "nnra.NnUtils", "nnra.NnUtils.csproj", "{b68e8857-48ed-d1eb-7e8b-69c8a9ec45c8}"
EndProject
Project("{FAE04EC0-301F-11D3-BF4B-00C04F79EFBC}") = "RuntimeAssembly", "RuntimeAssembly.csproj", "{503c234c-af3d-1977-c68d-c94b88a49c06}"
EndProject
Project("{FAE04EC0-301F-11D3-BF4B-00C04F79EFBC}") = "Scripts", "Scripts.csproj", "{d7b54722-11de-b296-c362-573c906d90f6}"
EndProject
Project("{FAE04EC0-301F-11D3-BF4B-00C04F79EFBC}") = "Tests", "Tests.csproj", "{ce219c35-fc67-2aa8-cda8-b5dc7c43dd17}"
EndProject
Project("{FAE04EC0-301F-11D3-BF4B-00C04F79EFBC}") = "Assembly-CSharp-Editor", "Assembly-CSharp-Editor.csproj", "{7e62d2ee-a461-12ff-521f-6438bcdc126f}"
EndProject
Project("{FAE04EC0-301F-11D3-BF4B-00C04F79EFBC}") = "OpenFracture.Editor", "OpenFracture.Editor.csproj", "{05166e15-7933-01c4-dafa-3e9c905c79aa}"
EndProject
Project("{FAE04EC0-301F-11D3-BF4B-00C04F79EFBC}") = "Assembly-CSharp", "Assembly-CSharp.csproj", "{4d28f289-74aa-edcc-e16d-7d9b74312923}"
EndProject
Global
	GlobalSection(SolutionConfigurationPlatforms) = preSolution
		Debug|Any CPU = Debug|Any CPU
	EndGlobalSection
	GlobalSection(ProjectConfigurationPlatforms) = postSolution
		{b68e8857-48ed-d1eb-7e8b-69c8a9ec45c8}.Debug|Any CPU.ActiveCfg = Debug|Any CPU
		{b68e8857-48ed-d1eb-7e8b-69c8a9ec45c8}.Debug|Any CPU.Build.0 = Debug|Any CPU
		{503c234c-af3d-1977-c68d-c94b88a49c06}.Debug|Any CPU.ActiveCfg = Debug|Any CPU
		{503c234c-af3d-1977-c68d-c94b88a49c06}.Debug|Any CPU.Build.0 = Debug|Any CPU
		{d7b54722-11de-b296-c362-573c906d90f6}.Debug|Any CPU.ActiveCfg = Debug|Any CPU
		{d7b54722-11de-b296-c362-573c906d90f6}.Debug|Any CPU.Build.0 = Debug|Any CPU
		{ce219c35-fc67-2aa8-cda8-b5dc7c43dd17}.Debug|Any CPU.ActiveCfg = Debug|Any CPU
		{ce219c35-fc67-2aa8-cda8-b5dc7c43dd17}.Debug|Any CPU.Build.0 = Debug|Any CPU
		{7e62d2ee-a461-12ff-521f-6438bcdc126f}.Debug|Any CPU.ActiveCfg = Debug|Any CPU
		{7e62d2ee-a461-12ff-521f-6438bcdc126f}.Debug|Any CPU.Build.0 = Debug|Any CPU
		{05166e15-7933-01c4-dafa-3e9c905c79aa}.Debug|Any CPU.ActiveCfg = Debug|Any CPU
		{05166e15-7933-01c4-dafa-3e9c905c79aa}.Debug|Any CPU.Build.0 = Debug|Any CPU
		{4d28f289-74aa-edcc-e16d-7d9b74312923}.Debug|Any CPU.ActiveCfg = Debug|Any CPU
		{4d28f289-74aa-edcc-e16d-7d9b74312923}.Debug|Any CPU.Build.0 = Debug|Any CPU
	EndGlobalSection
	GlobalSection(SolutionProperties) = preSolution
		HideSolutionNode = FALSE
	EndGlobalSection
EndGlobal
